// !$*UTF8*$!
{
	archiveVersion = 1;
	classes = {
	};
	objectVersion = 56;
	objects = {

/* Begin PBXBuildFile section */
		218C61D02C7B8C310024FBB1 /* EditDestinationView.swift in Sources */ = {isa = PBXBuildFile; fileRef = 218C61CF2C7B8C310024FBB1 /* EditDestinationView.swift */; };
		21B0B0AF2C7B6B0D00B98AC0 /* ITourApp.swift in Sources */ = {isa = PBXBuildFile; fileRef = 21B0B0AE2C7B6B0D00B98AC0 /* ITourApp.swift */; };
		21B0B0B12C7B6B0D00B98AC0 /* ContentView.swift in Sources */ = {isa = PBXBuildFile; fileRef = 21B0B0B02C7B6B0D00B98AC0 /* ContentView.swift */; };
		21B0B0B32C7B6B0E00B98AC0 /* Assets.xcassets in Resources */ = {isa = PBXBuildFile; fileRef = 21B0B0B22C7B6B0E00B98AC0 /* Assets.xcassets */; };
		21B0B0B62C7B6B0E00B98AC0 /* Preview Assets.xcassets in Resources */ = {isa = PBXBuildFile; fileRef = 21B0B0B52C7B6B0E00B98AC0 /* Preview Assets.xcassets */; };
		21B0B0BD2C7B6C1200B98AC0 /* Destination.swift in Sources */ = {isa = PBXBuildFile; fileRef = 21B0B0BC2C7B6C1200B98AC0 /* Destination.swift */; };
/* End PBXBuildFile section */

/* Begin PBXFileReference section */
		218C61CF2C7B8C310024FBB1 /* EditDestinationView.swift */ = {isa = PBXFileReference; lastKnownFileType = sourcecode.swift; path = EditDestinationView.swift; sourceTree = "<group>"; };
		21B0B0AB2C7B6B0D00B98AC0 /* ITour.app */ = {isa = PBXFileReference; explicitFileType = wrapper.application; includeInIndex = 0; path = ITour.app; sourceTree = BUILT_PRODUCTS_DIR; };
		21B0B0AE2C7B6B0D00B98AC0 /* ITourApp.swift */ = {isa = PBXFileReference; lastKnownFileType = sourcecode.swift; path = ITourApp.swift; sourceTree = "<group>"; };
		21B0B0B02C7B6B0D00B98AC0 /* ContentView.swift */ = {isa = PBXFileReference; lastKnownFileType = sourcecode.swift; path = ContentView.swift; sourceTree = "<group>"; };
		21B0B0B22C7B6B0E00B98AC0 /* Assets.xcassets */ = {isa = PBXFileReference; lastKnownFileType = folder.assetcatalog; path = Assets.xcassets; sourceTree = "<group>"; };
		21B0B0B52C7B6B0E00B98AC0 /* Preview Assets.xcassets */ = {isa = PBXFileReference; lastKnownFileType = folder.assetcatalog; path = "Preview Assets.xcassets"; sourceTree = "<group>"; };
		21B0B0BC2C7B6C1200B98AC0 /* Destination.swift */ = {isa = PBXFileReference; lastKnownFileType = sourcecode.swift; path = Destination.swift; sourceTree = "<group>"; };
/* End PBXFileReference section */

/* Begin PBXFrameworksBuildPhase section */
		21B0B0A82C7B6B0D00B98AC0 /* Frameworks */ = {
			isa = PBXFrameworksBuildPhase;
			buildActionMask = 2147483647;
			files = (
			);
			runOnlyForDeploymentPostprocessing = 0;
		};
/* End PBXFrameworksBuildPhase section */

/* Begin PBXGroup section */
		21B0B0A22C7B6B0D00B98AC0 = {
			isa = PBXGroup;
			children = (
				21B0B0AD2C7B6B0D00B98AC0 /* ITour */,
				21B0B0AC2C7B6B0D00B98AC0 /* Products */,
			);
			sourceTree = "<group>";
		};
		21B0B0AC2C7B6B0D00B98AC0 /* Products */ = {
			isa = PBXGroup;
			children = (
				21B0B0AB2C7B6B0D00B98AC0 /* ITour.app */,
			);
			name = Products;
			sourceTree = "<group>";
		};
		21B0B0AD2C7B6B0D00B98AC0 /* ITour */ = {
			isa = PBXGroup;
			children = (
				21B0B0BC2C7B6C1200B98AC0 /* Destination.swift */,
				21B0B0AE2C7B6B0D00B98AC0 /* ITourApp.swift */,
				21B0B0B02C7B6B0D00B98AC0 /* ContentView.swift */,
				21B0B0B22C7B6B0E00B98AC0 /* Assets.xcassets */,
				21B0B0B42C7B6B0E00B98AC0 /* Preview Content */,
				218C61CF2C7B8C310024FBB1 /* EditDestinationView.swift */,
			);
			path = ITour;
			sourceTree = "<group>";
		};
		21B0B0B42C7B6B0E00B98AC0 /* Preview Content */ = {
			isa = PBXGroup;
			children = (
				21B0B0B52C7B6B0E00B98AC0 /* Preview Assets.xcassets */,
			);
			path = "Preview Content";
			sourceTree = "<group>";
		};
/* End PBXGroup section */

/* Begin PBXNativeTarget section */
		21B0B0AA2C7B6B0D00B98AC0 /* ITour */ = {
			isa = PBXNativeTarget;
			buildConfigurationList = 21B0B0B92C7B6B0E00B98AC0 /* Build configuration list for PBXNativeTarget "ITour" */;
			buildPhases = (
				21B0B0A72C7B6B0D00B98AC0 /* Sources */,
				21B0B0A82C7B6B0D00B98AC0 /* Frameworks */,
				21B0B0A92C7B6B0D00B98AC0 /* Resources */,
			);
			buildRules = (
			);
			dependencies = (
			);
			name = ITour;
			productName = ITour;
			productReference = 21B0B0AB2C7B6B0D00B98AC0 /* ITour.app */;
			productType = "com.apple.product-type.application";
		};
/* End PBXNativeTarget section */

/* Begin PBXProject section */
		21B0B0A32C7B6B0D00B98AC0 /* Project object */ = {
			isa = PBXProject;
			attributes = {
				BuildIndependentTargetsInParallel = 1;
				LastSwiftUpdateCheck = 1540;
				LastUpgradeCheck = 1540;
				TargetAttributes = {
					21B0B0AA2C7B6B0D00B98AC0 = {
						CreatedOnToolsVersion = 15.4;
					};
				};
			};
			buildConfigurationList = 21B0B0A62C7B6B0D00B98AC0 /* Build configuration list for PBXProject "ITour" */;
			compatibilityVersion = "Xcode 14.0";
			developmentRegion = en;
			hasScannedForEncodings = 0;
			knownRegions = (
				en,
				Base,
			);
			mainGroup = 21B0B0A22C7B6B0D00B98AC0;
			productRefGroup = 21B0B0AC2C7B6B0D00B98AC0 /* Products */;
			projectDirPath = "";
			projectRoot = "";
			targets = (
				21B0B0AA2C7B6B0D00B98AC0 /* ITour */,
			);
		};
/* End PBXProject section */

/* Begin PBXResourcesBuildPhase section */
		21B0B0A92C7B6B0D00B98AC0 /* Resources */ = {
			isa = PBXResourcesBuildPhase;
			buildActionMask = 2147483647;
			files = (
				21B0B0B62C7B6B0E00B98AC0 /* Preview Assets.xcassets in Resources */,
				21B0B0B32C7B6B0E00B98AC0 /* Assets.xcassets in Resources */,
			);
			runOnlyForDeploymentPostprocessing = 0;
		};
/* End PBXResourcesBuildPhase section */

/* Begin PBXSourcesBuildPhase section */
		21B0B0A72C7B6B0D00B98AC0 /* Sources */ = {
			isa = PBXSourcesBuildPhase;
			buildActionMask = 2147483647;
			files = (
				21B0B0B12C7B6B0D00B98AC0 /* ContentView.swift in Sources */,
				21B0B0AF2C7B6B0D00B98AC0 /* ITourApp.swift in Sources */,
				21B0B0BD2C7B6C1200B98AC0 /* Destination.swift in Sources */,
				218C61D02C7B8C310024FBB1 /* EditDestinationView.swift in Sources */,
			);
			runOnlyForDeploymentPostprocessing = 0;
		};
/* End PBXSourcesBuildPhase section */

/* Begin XCBuildConfiguration section */
		21B0B0B72C7B6B0E00B98AC0 /* Debug */ = {
			isa = XCBuildConfiguration;
			buildSettings = {
				ALWAYS_SEARCH_USER_PATHS = NO;
				ASSETCATALOG_COMPILER_GENERATE_SWIFT_ASSET_SYMBOL_EXTENSIONS = YES;
				CLANG_ANALYZER_NONNULL = YES;
				CLANG_ANALYZER_NUMBER_OBJECT_CONVERSION = YES_AGGRESSIVE;
				CLANG_CXX_LANGUAGE_STANDARD = "gnu++20";
				CLANG_ENABLE_MODULES = YES;
				CLANG_ENABLE_OBJC_ARC = YES;
				CLANG_ENABLE_OBJC_WEAK = YES;
				CLANG_WARN_BLOCK_CAPTURE_AUTORELEASING = YES;
				CLANG_WARN_BOOL_CONVERSION = YES;
				CLANG_WARN_COMMA = YES;
				CLANG_WARN_CONSTANT_CONVERSION = YES;
				CLANG_WARN_DEPRECATED_OBJC_IMPLEMENTATIONS = YES;
				CLANG_WARN_DIRECT_OBJC_ISA_USAGE = YES_ERROR;
				CLANG_WARN_DOCUMENTATION_COMMENTS = YES;
				CLANG_WARN_EMPTY_BODY = YES;
				CLANG_WARN_ENUM_CONVERSION = YES;
				CLANG_WARN_INFINITE_RECURSION = YES;
				CLANG_WARN_INT_CONVERSION = YES;
				CLANG_WARN_NON_LITERAL_NULL_CONVERSION = YES;
				CLANG_WARN_OBJC_IMPLICIT_RETAIN_SELF = YES;
				CLANG_WARN_OBJC_LITERAL_CONVERSION = YES;
				CLANG_WARN_OBJC_ROOT_CLASS = YES_ERROR;
				CLANG_WARN_QUOTED_INCLUDE_IN_FRAMEWORK_HEADER = YES;
				CLANG_WARN_RANGE_LOOP_ANALYSIS = YES;
				CLANG_WARN_STRICT_PROTOTYPES = YES;
				CLANG_WARN_SUSPICIOUS_MOVE = YES;
				CLANG_WARN_UNGUARDED_AVAILABILITY = YES_AGGRESSIVE;
				CLANG_WARN_UNREACHABLE_CODE = YES;
				CLANG_WARN__DUPLICATE_METHOD_MATCH = YES;
				COPY_PHASE_STRIP = NO;
				DEBUG_INFORMATION_FORMAT = dwarf;
				ENABLE_STRICT_OBJC_MSGSEND = YES;
				ENABLE_TESTABILITY = YES;
				ENABLE_USER_SCRIPT_SANDBOXING = YES;
				GCC_C_LANGUAGE_STANDARD = gnu17;
				GCC_DYNAMIC_NO_PIC = NO;
				GCC_NO_COMMON_BLOCKS = YES;
				GCC_OPTIMIZATION_LEVEL = 0;
				GCC_PREPROCESSOR_DEFINITIONS = (
					"DEBUG=1",
					"$(inherited)",
				);
				GCC_WARN_64_TO_32_BIT_CONVERSION = YES;
				GCC_WARN_ABOUT_RETURN_TYPE = YES_ERROR;
				GCC_WARN_UNDECLARED_SELECTOR = YES;
				GCC_WARN_UNINITIALIZED_AUTOS = YES_AGGRESSIVE;
				GCC_WARN_UNUSED_FUNCTION = YES;
				GCC_WARN_UNUSED_VARIABLE = YES;
				IPHONEOS_DEPLOYMENT_TARGET = 17.5;
				LOCALIZATION_PREFERS_STRING_CATALOGS = YES;
				MTL_ENABLE_DEBUG_INFO = INCLUDE_SOURCE;
				MTL_FAST_MATH = YES;
				ONLY_ACTIVE_ARCH = YES;
				SDKROOT = iphoneos;
				SWIFT_ACTIVE_COMPILATION_CONDITIONS = "DEBUG $(inherited)";
				SWIFT_OPTIMIZATION_LEVEL = "-Onone";
			};
			name = Debug;
		};
		21B0B0B82C7B6B0E00B98AC0 /* Release */ = {
			isa = XCBuildConfiguration;
			buildSettings = {
				ALWAYS_SEARCH_USER_PATHS = NO;
				ASSETCATALOG_COMPILER_GENERATE_SWIFT_ASSET_SYMBOL_EXTENSIONS = YES;
				CLANG_ANALYZER_NONNULL = YES;
				CLANG_ANALYZER_NUMBER_OBJECT_CONVERSION = YES_AGGRESSIVE;
				CLANG_CXX_LANGUAGE_STANDARD = "gnu++20";
				CLANG_ENABLE_MODULES = YES;
				CLANG_ENABLE_OBJC_ARC = YES;
				CLANG_ENABLE_OBJC_WEAK = YES;
				CLANG_WARN_BLOCK_CAPTURE_AUTORELEASING = YES;
				CLANG_WARN_BOOL_CONVERSION = YES;
				CLANG_WARN_COMMA = YES;
				CLANG_WARN_CONSTANT_CONVERSION = YES;
				CLANG_WARN_DEPRECATED_OBJC_IMPLEMENTATIONS = YES;
				CLANG_WARN_DIRECT_OBJC_ISA_USAGE = YES_ERROR;
				CLANG_WARN_DOCUMENTATION_COMMENTS = YES;
				CLANG_WARN_EMPTY_BODY = YES;
				CLANG_WARN_ENUM_CONVERSION = YES;
				CLANG_WARN_INFINITE_RECURSION = YES;
				CLANG_WARN_INT_CONVERSION = YES;
				CLANG_WARN_NON_LITERAL_NULL_CONVERSION = YES;
				CLANG_WARN_OBJC_IMPLICIT_RETAIN_SELF = YES;
				CLANG_WARN_OBJC_LITERAL_CONVERSION = YES;
				CLANG_WARN_OBJC_ROOT_CLASS = YES_ERROR;
				CLANG_WARN_QUOTED_INCLUDE_IN_FRAMEWORK_HEADER = YES;
				CLANG_WARN_RANGE_LOOP_ANALYSIS = YES;
				CLANG_WARN_STRICT_PROTOTYPES = YES;
				CLANG_WARN_SUSPICIOUS_MOVE = YES;
				CLANG_WARN_UNGUARDED_AVAILABILITY = YES_AGGRESSIVE;
				CLANG_WARN_UNREACHABLE_CODE = YES;
				CLANG_WARN__DUPLICATE_METHOD_MATCH = YES;
				COPY_PHASE_STRIP = NO;
				DEBUG_INFORMATION_FORMAT = "dwarf-with-dsym";
				ENABLE_NS_ASSERTIONS = NO;
				ENABLE_STRICT_OBJC_MSGSEND = YES;
				ENABLE_USER_SCRIPT_SANDBOXING = YES;
				GCC_C_LANGUAGE_STANDARD = gnu17;
				GCC_NO_COMMON_BLOCKS = YES;
				GCC_WARN_64_TO_32_BIT_CONVERSION = YES;
				GCC_WARN_ABOUT_RETURN_TYPE = YES_ERROR;
				GCC_WARN_UNDECLARED_SELECTOR = YES;
				GCC_WARN_UNINITIALIZED_AUTOS = YES_AGGRESSIVE;
				GCC_WARN_UNUSED_FUNCTION = YES;
				GCC_WARN_UNUSED_VARIABLE = YES;
				IPHONEOS_DEPLOYMENT_TARGET = 17.5;
				LOCALIZATION_PREFERS_STRING_CATALOGS = YES;
				MTL_ENABLE_DEBUG_INFO = NO;
				MTL_FAST_MATH = YES;
				SDKROOT = iphoneos;
				SWIFT_COMPILATION_MODE = wholemodule;
				VALIDATE_PRODUCT = YES;
			};
			name = Release;
		};
		21B0B0BA2C7B6B0E00B98AC0 /* Debug */ = {
			isa = XCBuildConfiguration;
			buildSettings = {
				ASSETCATALOG_COMPILER_APPICON_NAME = AppIcon;
				ASSETCATALOG_COMPILER_GLOBAL_ACCENT_COLOR_NAME = AccentColor;
				CODE_SIGN_STYLE = Automatic;
				CURRENT_PROJECT_VERSION = 1;
				DEVELOPMENT_ASSET_PATHS = "\"ITour/Preview Content\"";
				DEVELOPMENT_TEAM = 48K6Y9VFKQ;
				ENABLE_PREVIEWS = YES;
				GENERATE_INFOPLIST_FILE = YES;
				INFOPLIST_KEY_UIApplicationSceneManifest_Generation = YES;
				INFOPLIST_KEY_UIApplicationSupportsIndirectInputEvents = YES;
				INFOPLIST_KEY_UILaunchScreen_Generation = YES;
				INFOPLIST_KEY_UISupportedInterfaceOrientations_iPad = "UIInterfaceOrientationPortrait UIInterfaceOrientationPortraitUpsideDown UIInterfaceOrientationLandscapeLeft UIInterfaceOrientationLandscapeRight";
				INFOPLIST_KEY_UISupportedInterfaceOrientations_iPhone = "UIInterfaceOrientationPortrait UIInterfaceOrientationLandscapeLeft UIInterfaceOrientationLandscapeRight";
				LD_RUNPATH_SEARCH_PATHS = (
					"$(inherited)",
					"@executable_path/Frameworks",
				);
				MARKETING_VERSION = 1.0;
				PRODUCT_BUNDLE_IDENTIFIER = iziKurt.ITour;
				PRODUCT_NAME = "$(TARGET_NAME)";
				SWIFT_EMIT_LOC_STRINGS = YES;
				SWIFT_VERSION = 5.0;
				TARGETED_DEVICE_FAMILY = "1,2";
			};
			name = Debug;
		};
		21B0B0BB2C7B6B0E00B98AC0 /* Release */ = {
			isa = XCBuildConfiguration;
			buildSettings = {
				ASSETCATALOG_COMPILER_APPICON_NAME = AppIcon;
				ASSETCATALOG_COMPILER_GLOBAL_ACCENT_COLOR_NAME = AccentColor;
				CODE_SIGN_STYLE = Automatic;
				CURRENT_PROJECT_VERSION = 1;
				DEVELOPMENT_ASSET_PATHS = "\"ITour/Preview Content\"";
				DEVELOPMENT_TEAM = 48K6Y9VFKQ;
				ENABLE_PREVIEWS = YES;
				GENERATE_INFOPLIST_FILE = YES;
				INFOPLIST_KEY_UIApplicationSceneManifest_Generation = YES;
				INFOPLIST_KEY_UIApplicationSupportsIndirectInputEvents = YES;
				INFOPLIST_KEY_UILaunchScreen_Generation = YES;
				INFOPLIST_KEY_UISupportedInterfaceOrientations_iPad = "UIInterfaceOrientationPortrait UIInterfaceOrientationPortraitUpsideDown UIInterfaceOrientationLandscapeLeft UIInterfaceOrientationLandscapeRight";
				INFOPLIST_KEY_UISupportedInterfaceOrientations_iPhone = "UIInterfaceOrientationPortrait UIInterfaceOrientationLandscapeLeft UIInterfaceOrientationLandscapeRight";
				LD_RUNPATH_SEARCH_PATHS = (
					"$(inherited)",
					"@executable_path/Frameworks",
				);
				MARKETING_VERSION = 1.0;
				PRODUCT_BUNDLE_IDENTIFIER = iziKurt.ITour;
				PRODUCT_NAME = "$(TARGET_NAME)";
				SWIFT_EMIT_LOC_STRINGS = YES;
				SWIFT_VERSION = 5.0;
				TARGETED_DEVICE_FAMILY = "1,2";
			};
			name = Release;
		};
/* End XCBuildConfiguration section */

/* Begin XCConfigurationList section */
		21B0B0A62C7B6B0D00B98AC0 /* Build configuration list for PBXProject "ITour" */ = {
			isa = XCConfigurationList;
			buildConfigurations = (
				21B0B0B72C7B6B0E00B98AC0 /* Debug */,
				21B0B0B82C7B6B0E00B98AC0 /* Release */,
			);
			defaultConfigurationIsVisible = 0;
			defaultConfigurationName = Release;
		};
		21B0B0B92C7B6B0E00B98AC0 /* Build configuration list for PBXNativeTarget "ITour" */ = {
			isa = XCConfigurationList;
			buildConfigurations = (
				21B0B0BA2C7B6B0E00B98AC0 /* Debug */,
				21B0B0BB2C7B6B0E00B98AC0 /* Release */,
			);
			defaultConfigurationIsVisible = 0;
			defaultConfigurationName = Release;
		};
/* End XCConfigurationList section */
	};
	rootObject = 21B0B0A32C7B6B0D00B98AC0 /* Project object */;
}
